PODS:
  - Charts (3.0.1):
    - Charts/Core (= 3.0.1)
  - Charts/Core (3.0.1)
  - SwiftyJSON (3.1.3)

DEPENDENCIES:
  - Charts
  - SwiftyJSON

SPEC CHECKSUMS:
  Charts: 0e84f4418e87dad6a9edde221fba37ebb51d3ba7
  SwiftyJSON: 38a8ea2006779c0fc4c310cb2ee8195327740faf

PODFILE CHECKSUM: 778533e8165e5e7a94052e52f039de54bba7a65d

COCOAPODS: 1.1.1
